// !$*UTF8*$!
{
	archiveVersion = 1;
	classes = {
	};
	objectVersion = 56;
	objects = {

/* Begin PBXBuildFile section */
		7829FCF32A36EA60004D3271 /* Mandiri_Movie_ViperApp.swift in Sources */ = {isa = PBXBuildFile; fileRef = 7829FCF22A36EA60004D3271 /* Mandiri_Movie_ViperApp.swift */; };
		7829FCF52A36EA60004D3271 /* ContentView.swift in Sources */ = {isa = PBXBuildFile; fileRef = 7829FCF42A36EA60004D3271 /* ContentView.swift */; };
		7829FCF72A36EA62004D3271 /* Assets.xcassets in Resources */ = {isa = PBXBuildFile; fileRef = 7829FCF62A36EA62004D3271 /* Assets.xcassets */; };
		7829FCFA2A36EA62004D3271 /* Preview Assets.xcassets in Resources */ = {isa = PBXBuildFile; fileRef = 7829FCF92A36EA62004D3271 /* Preview Assets.xcassets */; };
		7829FD022A36F46E004D3271 /* Genre.swift in Sources */ = {isa = PBXBuildFile; fileRef = 7829FD012A36F46E004D3271 /* Genre.swift */; };
		7829FD072A3705D5004D3271 /* Movie.swift in Sources */ = {isa = PBXBuildFile; fileRef = 7829FD062A3705D5004D3271 /* Movie.swift */; };
		7829FD092A37071D004D3271 /* GenreService.swift in Sources */ = {isa = PBXBuildFile; fileRef = 7829FD082A37071D004D3271 /* GenreService.swift */; };
		7829FD0B2A370DA0004D3271 /* MovieService.swift in Sources */ = {isa = PBXBuildFile; fileRef = 7829FD0A2A370DA0004D3271 /* MovieService.swift */; };
		7829FD0D2A371382004D3271 /* MovieStore.swift in Sources */ = {isa = PBXBuildFile; fileRef = 7829FD0C2A371382004D3271 /* MovieStore.swift */; };
		7829FD0F2A3713C0004D3271 /* Utils.swift in Sources */ = {isa = PBXBuildFile; fileRef = 7829FD0E2A3713C0004D3271 /* Utils.swift */; };
		7829FD112A37179E004D3271 /* GenreStore.swift in Sources */ = {isa = PBXBuildFile; fileRef = 7829FD102A37179E004D3271 /* GenreStore.swift */; };
		7829FD142A374244004D3271 /* Movie+Stub.swift in Sources */ = {isa = PBXBuildFile; fileRef = 7829FD132A374244004D3271 /* Movie+Stub.swift */; };
		7829FD162A37428B004D3271 /* MovieSection.swift in Sources */ = {isa = PBXBuildFile; fileRef = 7829FD152A37428B004D3271 /* MovieSection.swift */; };
		7829FD182A374507004D3271 /* Genre+Stub.swift in Sources */ = {isa = PBXBuildFile; fileRef = 7829FD172A374507004D3271 /* Genre+Stub.swift */; };
		7829FD1A2A37625F004D3271 /* GenreListPresenter.swift in Sources */ = {isa = PBXBuildFile; fileRef = 7829FD192A37625F004D3271 /* GenreListPresenter.swift */; };
		7829FD1C2A376522004D3271 /* MovieByGenrePresenter.swift in Sources */ = {isa = PBXBuildFile; fileRef = 7829FD1B2A376522004D3271 /* MovieByGenrePresenter.swift */; };
		789CC8862A3813A70047B423 /* ImageLoader.swift in Sources */ = {isa = PBXBuildFile; fileRef = 789CC8852A3813A70047B423 /* ImageLoader.swift */; };
		789CC8892A3813F70047B423 /* MovieBackdropCard.swift in Sources */ = {isa = PBXBuildFile; fileRef = 789CC8882A3813F70047B423 /* MovieBackdropCard.swift */; };
		789CC88B2A3815410047B423 /* MovieBackdropCarouselView.swift in Sources */ = {isa = PBXBuildFile; fileRef = 789CC88A2A3815410047B423 /* MovieBackdropCarouselView.swift */; };
		789CC88D2A38157C0047B423 /* MovieDetailView.swift in Sources */ = {isa = PBXBuildFile; fileRef = 789CC88C2A38157C0047B423 /* MovieDetailView.swift */; };
		789CC88F2A382F020047B423 /* MovieDetailPresenter.swift in Sources */ = {isa = PBXBuildFile; fileRef = 789CC88E2A382F020047B423 /* MovieDetailPresenter.swift */; };
		789CC8912A3830B60047B423 /* SafariView.swift in Sources */ = {isa = PBXBuildFile; fileRef = 789CC8902A3830B60047B423 /* SafariView.swift */; };
		789CC8932A3830DA0047B423 /* LoadingView.swift in Sources */ = {isa = PBXBuildFile; fileRef = 789CC8922A3830DA0047B423 /* LoadingView.swift */; };
		789CC8952A3839EC0047B423 /* Review.swift in Sources */ = {isa = PBXBuildFile; fileRef = 789CC8942A3839EC0047B423 /* Review.swift */; };
/* End PBXBuildFile section */

/* Begin PBXFileReference section */
		7829FCEF2A36EA60004D3271 /* Mandiri-Movie-Viper.app */ = {isa = PBXFileReference; explicitFileType = wrapper.application; includeInIndex = 0; path = "Mandiri-Movie-Viper.app"; sourceTree = BUILT_PRODUCTS_DIR; };
		7829FCF22A36EA60004D3271 /* Mandiri_Movie_ViperApp.swift */ = {isa = PBXFileReference; lastKnownFileType = sourcecode.swift; path = Mandiri_Movie_ViperApp.swift; sourceTree = "<group>"; };
		7829FCF42A36EA60004D3271 /* ContentView.swift */ = {isa = PBXFileReference; lastKnownFileType = sourcecode.swift; path = ContentView.swift; sourceTree = "<group>"; };
		7829FCF62A36EA62004D3271 /* Assets.xcassets */ = {isa = PBXFileReference; lastKnownFileType = folder.assetcatalog; path = Assets.xcassets; sourceTree = "<group>"; };
		7829FCF92A36EA62004D3271 /* Preview Assets.xcassets */ = {isa = PBXFileReference; lastKnownFileType = folder.assetcatalog; path = "Preview Assets.xcassets"; sourceTree = "<group>"; };
		7829FD012A36F46E004D3271 /* Genre.swift */ = {isa = PBXFileReference; lastKnownFileType = sourcecode.swift; path = Genre.swift; sourceTree = "<group>"; };
		7829FD062A3705D5004D3271 /* Movie.swift */ = {isa = PBXFileReference; lastKnownFileType = sourcecode.swift; path = Movie.swift; sourceTree = "<group>"; };
		7829FD082A37071D004D3271 /* GenreService.swift */ = {isa = PBXFileReference; lastKnownFileType = sourcecode.swift; path = GenreService.swift; sourceTree = "<group>"; };
		7829FD0A2A370DA0004D3271 /* MovieService.swift */ = {isa = PBXFileReference; lastKnownFileType = sourcecode.swift; path = MovieService.swift; sourceTree = "<group>"; };
		7829FD0C2A371382004D3271 /* MovieStore.swift */ = {isa = PBXFileReference; lastKnownFileType = sourcecode.swift; path = MovieStore.swift; sourceTree = "<group>"; };
		7829FD0E2A3713C0004D3271 /* Utils.swift */ = {isa = PBXFileReference; lastKnownFileType = sourcecode.swift; path = Utils.swift; sourceTree = "<group>"; };
		7829FD102A37179E004D3271 /* GenreStore.swift */ = {isa = PBXFileReference; lastKnownFileType = sourcecode.swift; path = GenreStore.swift; sourceTree = "<group>"; };
		7829FD132A374244004D3271 /* Movie+Stub.swift */ = {isa = PBXFileReference; lastKnownFileType = sourcecode.swift; path = "Movie+Stub.swift"; sourceTree = "<group>"; };
		7829FD152A37428B004D3271 /* MovieSection.swift */ = {isa = PBXFileReference; lastKnownFileType = sourcecode.swift; path = MovieSection.swift; sourceTree = "<group>"; };
		7829FD172A374507004D3271 /* Genre+Stub.swift */ = {isa = PBXFileReference; lastKnownFileType = sourcecode.swift; path = "Genre+Stub.swift"; sourceTree = "<group>"; };
		7829FD192A37625F004D3271 /* GenreListPresenter.swift */ = {isa = PBXFileReference; lastKnownFileType = sourcecode.swift; path = GenreListPresenter.swift; sourceTree = "<group>"; };
		7829FD1B2A376522004D3271 /* MovieByGenrePresenter.swift */ = {isa = PBXFileReference; lastKnownFileType = sourcecode.swift; path = MovieByGenrePresenter.swift; sourceTree = "<group>"; };
		789CC8852A3813A70047B423 /* ImageLoader.swift */ = {isa = PBXFileReference; lastKnownFileType = sourcecode.swift; path = ImageLoader.swift; sourceTree = "<group>"; };
		789CC8882A3813F70047B423 /* MovieBackdropCard.swift */ = {isa = PBXFileReference; lastKnownFileType = sourcecode.swift; path = MovieBackdropCard.swift; sourceTree = "<group>"; };
		789CC88A2A3815410047B423 /* MovieBackdropCarouselView.swift */ = {isa = PBXFileReference; lastKnownFileType = sourcecode.swift; path = MovieBackdropCarouselView.swift; sourceTree = "<group>"; };
		789CC88C2A38157C0047B423 /* MovieDetailView.swift */ = {isa = PBXFileReference; lastKnownFileType = sourcecode.swift; path = MovieDetailView.swift; sourceTree = "<group>"; };
		789CC88E2A382F020047B423 /* MovieDetailPresenter.swift */ = {isa = PBXFileReference; lastKnownFileType = sourcecode.swift; path = MovieDetailPresenter.swift; sourceTree = "<group>"; };
		789CC8902A3830B60047B423 /* SafariView.swift */ = {isa = PBXFileReference; lastKnownFileType = sourcecode.swift; path = SafariView.swift; sourceTree = "<group>"; };
		789CC8922A3830DA0047B423 /* LoadingView.swift */ = {isa = PBXFileReference; lastKnownFileType = sourcecode.swift; path = LoadingView.swift; sourceTree = "<group>"; };
		789CC8942A3839EC0047B423 /* Review.swift */ = {isa = PBXFileReference; lastKnownFileType = sourcecode.swift; path = Review.swift; sourceTree = "<group>"; };
/* End PBXFileReference section */

/* Begin PBXFrameworksBuildPhase section */
		7829FCEC2A36EA60004D3271 /* Frameworks */ = {
			isa = PBXFrameworksBuildPhase;
			buildActionMask = 2147483647;
			files = (
			);
			runOnlyForDeploymentPostprocessing = 0;
		};
/* End PBXFrameworksBuildPhase section */

/* Begin PBXGroup section */
		7829FCE62A36EA60004D3271 = {
			isa = PBXGroup;
			children = (
				7829FCF12A36EA60004D3271 /* Mandiri-Movie-Viper */,
				7829FCF02A36EA60004D3271 /* Products */,
			);
			sourceTree = "<group>";
		};
		7829FCF02A36EA60004D3271 /* Products */ = {
			isa = PBXGroup;
			children = (
				7829FCEF2A36EA60004D3271 /* Mandiri-Movie-Viper.app */,
			);
			name = Products;
			sourceTree = "<group>";
		};
		7829FCF12A36EA60004D3271 /* Mandiri-Movie-Viper */ = {
			isa = PBXGroup;
			children = (
				789CC8962A3852690047B423 /* Router */,
				789CC8872A3813DD0047B423 /* View */,
				789CC8842A38138E0047B423 /* Bindings */,
				7829FD1D2A379A8B004D3271 /* Presenter */,
				7829FD122A371B0B004D3271 /* Resources */,
				7829FD032A36F8BF004D3271 /* Service */,
				7829FD002A36F455004D3271 /* Entities */,
				7829FCF22A36EA60004D3271 /* Mandiri_Movie_ViperApp.swift */,
				7829FCF62A36EA62004D3271 /* Assets.xcassets */,
				7829FCF82A36EA62004D3271 /* Preview Content */,
				7829FD0E2A3713C0004D3271 /* Utils.swift */,
			);
			path = "Mandiri-Movie-Viper";
			sourceTree = "<group>";
		};
		7829FCF82A36EA62004D3271 /* Preview Content */ = {
			isa = PBXGroup;
			children = (
				7829FCF92A36EA62004D3271 /* Preview Assets.xcassets */,
			);
			path = "Preview Content";
			sourceTree = "<group>";
		};
		7829FD002A36F455004D3271 /* Entities */ = {
			isa = PBXGroup;
			children = (
				7829FD012A36F46E004D3271 /* Genre.swift */,
				7829FD062A3705D5004D3271 /* Movie.swift */,
				7829FD132A374244004D3271 /* Movie+Stub.swift */,
				7829FD152A37428B004D3271 /* MovieSection.swift */,
				7829FD172A374507004D3271 /* Genre+Stub.swift */,
				789CC8942A3839EC0047B423 /* Review.swift */,
			);
			path = Entities;
			sourceTree = "<group>";
		};
		7829FD032A36F8BF004D3271 /* Service */ = {
			isa = PBXGroup;
			children = (
				7829FD082A37071D004D3271 /* GenreService.swift */,
				7829FD0C2A371382004D3271 /* MovieStore.swift */,
				7829FD0A2A370DA0004D3271 /* MovieService.swift */,
				7829FD102A37179E004D3271 /* GenreStore.swift */,
			);
			path = Service;
			sourceTree = "<group>";
		};
		7829FD122A371B0B004D3271 /* Resources */ = {
			isa = PBXGroup;
			children = (
			);
			path = Resources;
			sourceTree = "<group>";
		};
		7829FD1D2A379A8B004D3271 /* Presenter */ = {
			isa = PBXGroup;
			children = (
				7829FD192A37625F004D3271 /* GenreListPresenter.swift */,
				7829FD1B2A376522004D3271 /* MovieByGenrePresenter.swift */,
				789CC88E2A382F020047B423 /* MovieDetailPresenter.swift */,
			);
			path = Presenter;
			sourceTree = "<group>";
		};
		789CC8842A38138E0047B423 /* Bindings */ = {
			isa = PBXGroup;
			children = (
				789CC8852A3813A70047B423 /* ImageLoader.swift */,
			);
			path = Bindings;
			sourceTree = "<group>";
		};
		789CC8872A3813DD0047B423 /* View */ = {
			isa = PBXGroup;
			children = (
				7829FCF42A36EA60004D3271 /* ContentView.swift */,
				789CC8882A3813F70047B423 /* MovieBackdropCard.swift */,
				789CC88A2A3815410047B423 /* MovieBackdropCarouselView.swift */,
				789CC88C2A38157C0047B423 /* MovieDetailView.swift */,
				789CC8902A3830B60047B423 /* SafariView.swift */,
				789CC8922A3830DA0047B423 /* LoadingView.swift */,
			);
			path = View;
			sourceTree = "<group>";
		};
		789CC8962A3852690047B423 /* Router */ = {
			isa = PBXGroup;
			children = (
			);
			path = Router;
			sourceTree = "<group>";
		};
/* End PBXGroup section */

/* Begin PBXNativeTarget section */
		7829FCEE2A36EA60004D3271 /* Mandiri-Movie-Viper */ = {
			isa = PBXNativeTarget;
			buildConfigurationList = 7829FCFD2A36EA62004D3271 /* Build configuration list for PBXNativeTarget "Mandiri-Movie-Viper" */;
			buildPhases = (
				7829FCEB2A36EA60004D3271 /* Sources */,
				7829FCEC2A36EA60004D3271 /* Frameworks */,
				7829FCED2A36EA60004D3271 /* Resources */,
			);
			buildRules = (
			);
			dependencies = (
			);
			name = "Mandiri-Movie-Viper";
			productName = "Mandiri-Movie-Viper";
			productReference = 7829FCEF2A36EA60004D3271 /* Mandiri-Movie-Viper.app */;
			productType = "com.apple.product-type.application";
		};
/* End PBXNativeTarget section */

/* Begin PBXProject section */
		7829FCE72A36EA60004D3271 /* Project object */ = {
			isa = PBXProject;
			attributes = {
				BuildIndependentTargetsInParallel = 1;
				LastSwiftUpdateCheck = 1430;
				LastUpgradeCheck = 1430;
				TargetAttributes = {
					7829FCEE2A36EA60004D3271 = {
						CreatedOnToolsVersion = 14.3.1;
					};
				};
			};
			buildConfigurationList = 7829FCEA2A36EA60004D3271 /* Build configuration list for PBXProject "Mandiri-Movie-Viper" */;
			compatibilityVersion = "Xcode 14.0";
			developmentRegion = en;
			hasScannedForEncodings = 0;
			knownRegions = (
				en,
				Base,
			);
			mainGroup = 7829FCE62A36EA60004D3271;
			productRefGroup = 7829FCF02A36EA60004D3271 /* Products */;
			projectDirPath = "";
			projectRoot = "";
			targets = (
				7829FCEE2A36EA60004D3271 /* Mandiri-Movie-Viper */,
			);
		};
/* End PBXProject section */

/* Begin PBXResourcesBuildPhase section */
		7829FCED2A36EA60004D3271 /* Resources */ = {
			isa = PBXResourcesBuildPhase;
			buildActionMask = 2147483647;
			files = (
				7829FCFA2A36EA62004D3271 /* Preview Assets.xcassets in Resources */,
				7829FCF72A36EA62004D3271 /* Assets.xcassets in Resources */,
			);
			runOnlyForDeploymentPostprocessing = 0;
		};
/* End PBXResourcesBuildPhase section */

/* Begin PBXSourcesBuildPhase section */
		7829FCEB2A36EA60004D3271 /* Sources */ = {
			isa = PBXSourcesBuildPhase;
			buildActionMask = 2147483647;
			files = (
				7829FD0B2A370DA0004D3271 /* MovieService.swift in Sources */,
				7829FCF52A36EA60004D3271 /* ContentView.swift in Sources */,
				789CC8892A3813F70047B423 /* MovieBackdropCard.swift in Sources */,
				789CC8862A3813A70047B423 /* ImageLoader.swift in Sources */,
				789CC8912A3830B60047B423 /* SafariView.swift in Sources */,
				789CC8932A3830DA0047B423 /* LoadingView.swift in Sources */,
				7829FCF32A36EA60004D3271 /* Mandiri_Movie_ViperApp.swift in Sources */,
				7829FD072A3705D5004D3271 /* Movie.swift in Sources */,
				789CC88F2A382F020047B423 /* MovieDetailPresenter.swift in Sources */,
				7829FD112A37179E004D3271 /* GenreStore.swift in Sources */,
				7829FD022A36F46E004D3271 /* Genre.swift in Sources */,
				7829FD1A2A37625F004D3271 /* GenreListPresenter.swift in Sources */,
				7829FD092A37071D004D3271 /* GenreService.swift in Sources */,
				7829FD0D2A371382004D3271 /* MovieStore.swift in Sources */,
				7829FD142A374244004D3271 /* Movie+Stub.swift in Sources */,
				789CC88D2A38157C0047B423 /* MovieDetailView.swift in Sources */,
				7829FD182A374507004D3271 /* Genre+Stub.swift in Sources */,
				789CC8952A3839EC0047B423 /* Review.swift in Sources */,
				7829FD1C2A376522004D3271 /* MovieByGenrePresenter.swift in Sources */,
				7829FD162A37428B004D3271 /* MovieSection.swift in Sources */,
				789CC88B2A3815410047B423 /* MovieBackdropCarouselView.swift in Sources */,
				7829FD0F2A3713C0004D3271 /* Utils.swift in Sources */,
			);
			runOnlyForDeploymentPostprocessing = 0;
		};
/* End PBXSourcesBuildPhase section */

/* Begin XCBuildConfiguration section */
		7829FCFB2A36EA62004D3271 /* Debug */ = {
			isa = XCBuildConfiguration;
			buildSettings = {
				ALWAYS_SEARCH_USER_PATHS = NO;
				CLANG_ANALYZER_NONNULL = YES;
				CLANG_ANALYZER_NUMBER_OBJECT_CONVERSION = YES_AGGRESSIVE;
				CLANG_CXX_LANGUAGE_STANDARD = "gnu++20";
				CLANG_ENABLE_MODULES = YES;
				CLANG_ENABLE_OBJC_ARC = YES;
				CLANG_ENABLE_OBJC_WEAK = YES;
				CLANG_WARN_BLOCK_CAPTURE_AUTORELEASING = YES;
				CLANG_WARN_BOOL_CONVERSION = YES;
				CLANG_WARN_COMMA = YES;
				CLANG_WARN_CONSTANT_CONVERSION = YES;
				CLANG_WARN_DEPRECATED_OBJC_IMPLEMENTATIONS = YES;
				CLANG_WARN_DIRECT_OBJC_ISA_USAGE = YES_ERROR;
				CLANG_WARN_DOCUMENTATION_COMMENTS = YES;
				CLANG_WARN_EMPTY_BODY = YES;
				CLANG_WARN_ENUM_CONVERSION = YES;
				CLANG_WARN_INFINITE_RECURSION = YES;
				CLANG_WARN_INT_CONVERSION = YES;
				CLANG_WARN_NON_LITERAL_NULL_CONVERSION = YES;
				CLANG_WARN_OBJC_IMPLICIT_RETAIN_SELF = YES;
				CLANG_WARN_OBJC_LITERAL_CONVERSION = YES;
				CLANG_WARN_OBJC_ROOT_CLASS = YES_ERROR;
				CLANG_WARN_QUOTED_INCLUDE_IN_FRAMEWORK_HEADER = YES;
				CLANG_WARN_RANGE_LOOP_ANALYSIS = YES;
				CLANG_WARN_STRICT_PROTOTYPES = YES;
				CLANG_WARN_SUSPICIOUS_MOVE = YES;
				CLANG_WARN_UNGUARDED_AVAILABILITY = YES_AGGRESSIVE;
				CLANG_WARN_UNREACHABLE_CODE = YES;
				CLANG_WARN__DUPLICATE_METHOD_MATCH = YES;
				COPY_PHASE_STRIP = NO;
				DEBUG_INFORMATION_FORMAT = dwarf;
				ENABLE_STRICT_OBJC_MSGSEND = YES;
				ENABLE_TESTABILITY = YES;
				GCC_C_LANGUAGE_STANDARD = gnu11;
				GCC_DYNAMIC_NO_PIC = NO;
				GCC_NO_COMMON_BLOCKS = YES;
				GCC_OPTIMIZATION_LEVEL = 0;
				GCC_PREPROCESSOR_DEFINITIONS = (
					"DEBUG=1",
					"$(inherited)",
				);
				GCC_WARN_64_TO_32_BIT_CONVERSION = YES;
				GCC_WARN_ABOUT_RETURN_TYPE = YES_ERROR;
				GCC_WARN_UNDECLARED_SELECTOR = YES;
				GCC_WARN_UNINITIALIZED_AUTOS = YES_AGGRESSIVE;
				GCC_WARN_UNUSED_FUNCTION = YES;
				GCC_WARN_UNUSED_VARIABLE = YES;
				IPHONEOS_DEPLOYMENT_TARGET = 16.4;
				MTL_ENABLE_DEBUG_INFO = INCLUDE_SOURCE;
				MTL_FAST_MATH = YES;
				ONLY_ACTIVE_ARCH = YES;
				SDKROOT = iphoneos;
				SWIFT_ACTIVE_COMPILATION_CONDITIONS = DEBUG;
				SWIFT_OPTIMIZATION_LEVEL = "-Onone";
			};
			name = Debug;
		};
		7829FCFC2A36EA62004D3271 /* Release */ = {
			isa = XCBuildConfiguration;
			buildSettings = {
				ALWAYS_SEARCH_USER_PATHS = NO;
				CLANG_ANALYZER_NONNULL = YES;
				CLANG_ANALYZER_NUMBER_OBJECT_CONVERSION = YES_AGGRESSIVE;
				CLANG_CXX_LANGUAGE_STANDARD = "gnu++20";
				CLANG_ENABLE_MODULES = YES;
				CLANG_ENABLE_OBJC_ARC = YES;
				CLANG_ENABLE_OBJC_WEAK = YES;
				CLANG_WARN_BLOCK_CAPTURE_AUTORELEASING = YES;
				CLANG_WARN_BOOL_CONVERSION = YES;
				CLANG_WARN_COMMA = YES;
				CLANG_WARN_CONSTANT_CONVERSION = YES;
				CLANG_WARN_DEPRECATED_OBJC_IMPLEMENTATIONS = YES;
				CLANG_WARN_DIRECT_OBJC_ISA_USAGE = YES_ERROR;
				CLANG_WARN_DOCUMENTATION_COMMENTS = YES;
				CLANG_WARN_EMPTY_BODY = YES;
				CLANG_WARN_ENUM_CONVERSION = YES;
				CLANG_WARN_INFINITE_RECURSION = YES;
				CLANG_WARN_INT_CONVERSION = YES;
				CLANG_WARN_NON_LITERAL_NULL_CONVERSION = YES;
				CLANG_WARN_OBJC_IMPLICIT_RETAIN_SELF = YES;
				CLANG_WARN_OBJC_LITERAL_CONVERSION = YES;
				CLANG_WARN_OBJC_ROOT_CLASS = YES_ERROR;
				CLANG_WARN_QUOTED_INCLUDE_IN_FRAMEWORK_HEADER = YES;
				CLANG_WARN_RANGE_LOOP_ANALYSIS = YES;
				CLANG_WARN_STRICT_PROTOTYPES = YES;
				CLANG_WARN_SUSPICIOUS_MOVE = YES;
				CLANG_WARN_UNGUARDED_AVAILABILITY = YES_AGGRESSIVE;
				CLANG_WARN_UNREACHABLE_CODE = YES;
				CLANG_WARN__DUPLICATE_METHOD_MATCH = YES;
				COPY_PHASE_STRIP = NO;
				DEBUG_INFORMATION_FORMAT = "dwarf-with-dsym";
				ENABLE_NS_ASSERTIONS = NO;
				ENABLE_STRICT_OBJC_MSGSEND = YES;
				GCC_C_LANGUAGE_STANDARD = gnu11;
				GCC_NO_COMMON_BLOCKS = YES;
				GCC_WARN_64_TO_32_BIT_CONVERSION = YES;
				GCC_WARN_ABOUT_RETURN_TYPE = YES_ERROR;
				GCC_WARN_UNDECLARED_SELECTOR = YES;
				GCC_WARN_UNINITIALIZED_AUTOS = YES_AGGRESSIVE;
				GCC_WARN_UNUSED_FUNCTION = YES;
				GCC_WARN_UNUSED_VARIABLE = YES;
				IPHONEOS_DEPLOYMENT_TARGET = 16.4;
				MTL_ENABLE_DEBUG_INFO = NO;
				MTL_FAST_MATH = YES;
				SDKROOT = iphoneos;
				SWIFT_COMPILATION_MODE = wholemodule;
				SWIFT_OPTIMIZATION_LEVEL = "-O";
				VALIDATE_PRODUCT = YES;
			};
			name = Release;
		};
		7829FCFE2A36EA62004D3271 /* Debug */ = {
			isa = XCBuildConfiguration;
			buildSettings = {
				ASSETCATALOG_COMPILER_APPICON_NAME = AppIcon;
				ASSETCATALOG_COMPILER_GLOBAL_ACCENT_COLOR_NAME = AccentColor;
				CODE_SIGN_STYLE = Automatic;
				CURRENT_PROJECT_VERSION = 1;
				DEVELOPMENT_ASSET_PATHS = "\"Mandiri-Movie-Viper/Preview Content\"";
				DEVELOPMENT_TEAM = 7Y9QV2Y3V2;
				ENABLE_PREVIEWS = YES;
				GENERATE_INFOPLIST_FILE = YES;
				INFOPLIST_KEY_UIApplicationSceneManifest_Generation = YES;
				INFOPLIST_KEY_UIApplicationSupportsIndirectInputEvents = YES;
				INFOPLIST_KEY_UILaunchScreen_Generation = YES;
				INFOPLIST_KEY_UISupportedInterfaceOrientations_iPad = "UIInterfaceOrientationPortrait UIInterfaceOrientationPortraitUpsideDown UIInterfaceOrientationLandscapeLeft UIInterfaceOrientationLandscapeRight";
				INFOPLIST_KEY_UISupportedInterfaceOrientations_iPhone = "UIInterfaceOrientationPortrait UIInterfaceOrientationLandscapeLeft UIInterfaceOrientationLandscapeRight";
				LD_RUNPATH_SEARCH_PATHS = (
					"$(inherited)",
					"@executable_path/Frameworks",
				);
				MARKETING_VERSION = 1.0;
				PRODUCT_BUNDLE_IDENTIFIER = "Catharina.Mandiri-Movie-Viper";
				PRODUCT_NAME = "$(TARGET_NAME)";
				SWIFT_EMIT_LOC_STRINGS = YES;
				SWIFT_VERSION = 5.0;
				TARGETED_DEVICE_FAMILY = "1,2";
			};
			name = Debug;
		};
		7829FCFF2A36EA62004D3271 /* Release */ = {
			isa = XCBuildConfiguration;
			buildSettings = {
				ASSETCATALOG_COMPILER_APPICON_NAME = AppIcon;
				ASSETCATALOG_COMPILER_GLOBAL_ACCENT_COLOR_NAME = AccentColor;
				CODE_SIGN_STYLE = Automatic;
				CURRENT_PROJECT_VERSION = 1;
				DEVELOPMENT_ASSET_PATHS = "\"Mandiri-Movie-Viper/Preview Content\"";
				DEVELOPMENT_TEAM = 7Y9QV2Y3V2;
				ENABLE_PREVIEWS = YES;
				GENERATE_INFOPLIST_FILE = YES;
				INFOPLIST_KEY_UIApplicationSceneManifest_Generation = YES;
				INFOPLIST_KEY_UIApplicationSupportsIndirectInputEvents = YES;
				INFOPLIST_KEY_UILaunchScreen_Generation = YES;
				INFOPLIST_KEY_UISupportedInterfaceOrientations_iPad = "UIInterfaceOrientationPortrait UIInterfaceOrientationPortraitUpsideDown UIInterfaceOrientationLandscapeLeft UIInterfaceOrientationLandscapeRight";
				INFOPLIST_KEY_UISupportedInterfaceOrientations_iPhone = "UIInterfaceOrientationPortrait UIInterfaceOrientationLandscapeLeft UIInterfaceOrientationLandscapeRight";
				LD_RUNPATH_SEARCH_PATHS = (
					"$(inherited)",
					"@executable_path/Frameworks",
				);
				MARKETING_VERSION = 1.0;
				PRODUCT_BUNDLE_IDENTIFIER = "Catharina.Mandiri-Movie-Viper";
				PRODUCT_NAME = "$(TARGET_NAME)";
				SWIFT_EMIT_LOC_STRINGS = YES;
				SWIFT_VERSION = 5.0;
				TARGETED_DEVICE_FAMILY = "1,2";
			};
			name = Release;
		};
/* End XCBuildConfiguration section */

/* Begin XCConfigurationList section */
		7829FCEA2A36EA60004D3271 /* Build configuration list for PBXProject "Mandiri-Movie-Viper" */ = {
			isa = XCConfigurationList;
			buildConfigurations = (
				7829FCFB2A36EA62004D3271 /* Debug */,
				7829FCFC2A36EA62004D3271 /* Release */,
			);
			defaultConfigurationIsVisible = 0;
			defaultConfigurationName = Release;
		};
		7829FCFD2A36EA62004D3271 /* Build configuration list for PBXNativeTarget "Mandiri-Movie-Viper" */ = {
			isa = XCConfigurationList;
			buildConfigurations = (
				7829FCFE2A36EA62004D3271 /* Debug */,
				7829FCFF2A36EA62004D3271 /* Release */,
			);
			defaultConfigurationIsVisible = 0;
			defaultConfigurationName = Release;
		};
/* End XCConfigurationList section */
	};
	rootObject = 7829FCE72A36EA60004D3271 /* Project object */;
}
